
Microsoft Visual Studio Solution File, Format Version 12.00
Project("{2150E333-8FDC-42A3-9474-1A3956D46DE8}") = "src", "src", "{71129D2F-B400-4D00-8BFC-1804CBD040D6}"
EndProject
Project("{2150E333-8FDC-42A3-9474-1A3956D46DE8}") = "tests", "tests", "{14B46585-D0FF-4FAF-9E18-729C14DB74DE}"
EndProject
Project("{FAE04EC0-301F-11D3-BF4B-00C04F79EFBC}") = "SupernovaSchool", "src\SupernovaSchool\SupernovaSchool.csproj", "{F9B6D031-EB4A-4917-81DA-C2FAF7FEFFA4}"
EndProject
Project("{2150E333-8FDC-42A3-9474-1A3956D46DE8}") = "client", "client", "{281F1ECE-A344-4F2A-9CF4-74399043CE27}"
EndProject
Project("{FAE04EC0-301F-11D3-BF4B-00C04F79EFBC}") = "SupernovaSchool.Host", "src\SupernovaSchool.Host\SupernovaSchool.Host.csproj", "{D33A7FBF-6B66-457F-BBA5-DE5DC37D805D}"
EndProject
Project("{FAE04EC0-301F-11D3-BF4B-00C04F79EFBC}") = "YandexCalendar.Net", "client\YandexCalendar.Net\YandexCalendar.Net.csproj", "{9680EA23-8960-4389-945E-0AA4C33505E8}"
EndProject
Project("{FAE04EC0-301F-11D3-BF4B-00C04F79EFBC}") = "SupernovaSchool.Data", "src\SupernovaSchool.Data\SupernovaSchool.Data.csproj", "{CAE6C07D-380B-4D88-B3D1-86EA792CF3FA}"
EndProject
Project("{FAE04EC0-301F-11D3-BF4B-00C04F79EFBC}") = "SupernovaSchool.Telegram", "src\SupernovaSchool.Telegram\SupernovaSchool.Telegram.csproj", "{ADE8164C-1C27-4B28-9FFD-E5381AB0A7CB}"
EndProject
Project("{FAE04EC0-301F-11D3-BF4B-00C04F79EFBC}") = "SupernovaSchool.Application", "src\SupernovaSchool.Application\SupernovaSchool.Application.csproj", "{B17DB02F-08A9-4C20-BC0F-BF2CCFE618E3}"
EndProject
Project("{FAE04EC0-301F-11D3-BF4B-00C04F79EFBC}") = "SupernovaSchool.Tests", "tests\SupernovaSchool.Tests\SupernovaSchool.Tests.csproj", "{D78673D3-CCBB-4273-81E0-2C0315DDC8FF}"
EndProject
Global
	GlobalSection(SolutionConfigurationPlatforms) = preSolution
		Debug|Any CPU = Debug|Any CPU
		Release|Any CPU = Release|Any CPU
	EndGlobalSection
	GlobalSection(NestedProjects) = preSolution
		{F9B6D031-EB4A-4917-81DA-C2FAF7FEFFA4} = {71129D2F-B400-4D00-8BFC-1804CBD040D6}
		{D33A7FBF-6B66-457F-BBA5-DE5DC37D805D} = {71129D2F-B400-4D00-8BFC-1804CBD040D6}
		{9680EA23-8960-4389-945E-0AA4C33505E8} = {281F1ECE-A344-4F2A-9CF4-74399043CE27}
		{CAE6C07D-380B-4D88-B3D1-86EA792CF3FA} = {71129D2F-B400-4D00-8BFC-1804CBD040D6}
		{ADE8164C-1C27-4B28-9FFD-E5381AB0A7CB} = {71129D2F-B400-4D00-8BFC-1804CBD040D6}
		{B17DB02F-08A9-4C20-BC0F-BF2CCFE618E3} = {71129D2F-B400-4D00-8BFC-1804CBD040D6}
		{D78673D3-CCBB-4273-81E0-2C0315DDC8FF} = {14B46585-D0FF-4FAF-9E18-729C14DB74DE}
	EndGlobalSection
	GlobalSection(ProjectConfigurationPlatforms) = postSolution
		{F9B6D031-EB4A-4917-81DA-C2FAF7FEFFA4}.Debug|Any CPU.ActiveCfg = Debug|Any CPU
		{F9B6D031-EB4A-4917-81DA-C2FAF7FEFFA4}.Debug|Any CPU.Build.0 = Debug|Any CPU
		{F9B6D031-EB4A-4917-81DA-C2FAF7FEFFA4}.Release|Any CPU.ActiveCfg = Release|Any CPU
		{F9B6D031-EB4A-4917-81DA-C2FAF7FEFFA4}.Release|Any CPU.Build.0 = Release|Any CPU
		{D33A7FBF-6B66-457F-BBA5-DE5DC37D805D}.Debug|Any CPU.ActiveCfg = Debug|Any CPU
		{D33A7FBF-6B66-457F-BBA5-DE5DC37D805D}.Debug|Any CPU.Build.0 = Debug|Any CPU
		{D33A7FBF-6B66-457F-BBA5-DE5DC37D805D}.Release|Any CPU.ActiveCfg = Release|Any CPU
		{D33A7FBF-6B66-457F-BBA5-DE5DC37D805D}.Release|Any CPU.Build.0 = Release|Any CPU
		{9680EA23-8960-4389-945E-0AA4C33505E8}.Debug|Any CPU.ActiveCfg = Debug|Any CPU
		{9680EA23-8960-4389-945E-0AA4C33505E8}.Debug|Any CPU.Build.0 = Debug|Any CPU
		{9680EA23-8960-4389-945E-0AA4C33505E8}.Release|Any CPU.ActiveCfg = Release|Any CPU
		{9680EA23-8960-4389-945E-0AA4C33505E8}.Release|Any CPU.Build.0 = Release|Any CPU
		{CAE6C07D-380B-4D88-B3D1-86EA792CF3FA}.Debug|Any CPU.ActiveCfg = Debug|Any CPU
		{CAE6C07D-380B-4D88-B3D1-86EA792CF3FA}.Debug|Any CPU.Build.0 = Debug|Any CPU
		{CAE6C07D-380B-4D88-B3D1-86EA792CF3FA}.Release|Any CPU.ActiveCfg = Release|Any CPU
		{CAE6C07D-380B-4D88-B3D1-86EA792CF3FA}.Release|Any CPU.Build.0 = Release|Any CPU
		{ADE8164C-1C27-4B28-9FFD-E5381AB0A7CB}.Debug|Any CPU.ActiveCfg = Debug|Any CPU
		{ADE8164C-1C27-4B28-9FFD-E5381AB0A7CB}.Debug|Any CPU.Build.0 = Debug|Any CPU
		{ADE8164C-1C27-4B28-9FFD-E5381AB0A7CB}.Release|Any CPU.ActiveCfg = Release|Any CPU
		{ADE8164C-1C27-4B28-9FFD-E5381AB0A7CB}.Release|Any CPU.Build.0 = Release|Any CPU
		{B17DB02F-08A9-4C20-BC0F-BF2CCFE618E3}.Debug|Any CPU.ActiveCfg = Debug|Any CPU
		{B17DB02F-08A9-4C20-BC0F-BF2CCFE618E3}.Debug|Any CPU.Build.0 = Debug|Any CPU
		{B17DB02F-08A9-4C20-BC0F-BF2CCFE618E3}.Release|Any CPU.ActiveCfg = Release|Any CPU
		{B17DB02F-08A9-4C20-BC0F-BF2CCFE618E3}.Release|Any CPU.Build.0 = Release|Any CPU
		{D78673D3-CCBB-4273-81E0-2C0315DDC8FF}.Debug|Any CPU.ActiveCfg = Debug|Any CPU
		{D78673D3-CCBB-4273-81E0-2C0315DDC8FF}.Debug|Any CPU.Build.0 = Debug|Any CPU
		{D78673D3-CCBB-4273-81E0-2C0315DDC8FF}.Release|Any CPU.ActiveCfg = Release|Any CPU
		{D78673D3-CCBB-4273-81E0-2C0315DDC8FF}.Release|Any CPU.Build.0 = Release|Any CPU
	EndGlobalSection
EndGlobal
